# This file is automatically @generated by Poetry 2.2.1 and should not be changed by hand.

[[package]]
name = "click"
version = "8.3.1"
description = "Composable command line interface toolkit"
optional = false
python-versions = ">=3.10"
groups = ["dev"]
files = [
    {file = "click-8.3.1-py3-none-any.whl", hash = "sha256:981153a64e25f12d547d3426c367a4857371575ee7ad18df2a6183ab0545b2a6"},
    {file = "click-8.3.1.tar.gz", hash = "sha256:12ff4785d337a1bb490bb7e9c2b1ee5da3112e94a8622f26a6c77f5d2fc6842a"},
]

[package.dependencies]
colorama = {version = "*", markers = "platform_system == \"Windows\""}

[[package]]
name = "colorama"
version = "0.4.6"
description = "Cross-platform colored terminal text."
optional = false
python-versions = "!=3.0.*,!=3.1.*,!=3.2.*,!=3.3.*,!=3.4.*,!=3.5.*,!=3.6.*,>=2.7"
groups = ["dev"]
markers = "platform_system == \"Windows\""
files = [
    {file = "colorama-0.4.6-py2.py3-none-any.whl", hash = "sha256:4f1d9991f5acc0ca119f9d443620b77f9d6b33703e51011c16baf57afb285fc6"},
    {file = "colorama-0.4.6.tar.gz", hash = "sha256:08695f5cb7ed6e0531a20572697297273c47b8cae5a63ffc6d6ed5c201be6e44"},
]

[[package]]
name = "decompyle3"
version = "3.9.3"
description = "Python cross-version byte-code decompiler"
optional = false
python-versions = "*"
groups = ["dev"]
files = [
    {file = "decompyle3-3.9.3-py3-none-any.whl", hash = "sha256:8e648e8e20b91e2e96780befd0771c9e872fede9c13015032128b6502750b11d"},
    {file = "decompyle3-3.9.3-py37-none-any.whl", hash = "sha256:356b9f8f506a835502d97c893fca8793bbf824998f7efaac39695a54dac5a017"},
    {file = "decompyle3-3.9.3-py38-none-any.whl", hash = "sha256:f05f82733bfa6b2561f32244b58fbfe2b37f60c0daad23dbd5ccc63fc8a2faaf"},
    {file = "decompyle3-3.9.3-py39-none-any.whl", hash = "sha256:04590de9fac1d5eb7763261c742b956e0bd73b2991a3f9c320bdaf515241cdca"},
    {file = "decompyle3-3.9.3.tar.gz", hash = "sha256:66cedaea6b998b3711cdc9993254e91e692bc45d18da7e309acade4f3b15173f"},
]

[package.dependencies]
click = "*"
spark-parser = ">=1.8.9,<1.9.2"
xdis = ">=6.1.1,<6.3"

[[package]]
name = "decorator"
version = "5.1.0"
description = "Decorators for Humans"
optional = false
python-versions = ">=3.5"
groups = ["dev"]
files = [
    {file = "decorator-5.1.0-py3-none-any.whl", hash = "sha256:7b12e7c3c6ab203a29e157335e9122cb03de9ab7264b137594103fd4a683b374"},
    {file = "decorator-5.1.0.tar.gz", hash = "sha256:e59913af105b9860aa2c8d3272d9de5a56a4e608db9a2f167a8480b323d529a7"},
]

[[package]]
name = "future"
version = "0.18.3"
description = "Clean single-source support for Python 3 and 2"
optional = false
python-versions = ">=2.6, !=3.0.*, !=3.1.*, !=3.2.*"
groups = ["dev"]
files = [
    {file = "future-0.18.3.tar.gz", hash = "sha256:34a17436ed1e96697a86f9de3d15a3b0be01d8bc8de9c1dffd59fb8234ed5307"},
]

[[package]]
name = "nodeenv"
version = "1.9.1"
description = "Node.js virtual environment builder"
optional = false
python-versions = "!=3.0.*,!=3.1.*,!=3.2.*,!=3.3.*,!=3.4.*,!=3.5.*,!=3.6.*,>=2.7"
groups = ["dev"]
files = [
    {file = "nodeenv-1.9.1-py2.py3-none-any.whl", hash = "sha256:ba11c9782d29c27c70ffbdda2d7415098754709be8a7056d79a737cd901155c9"},
    {file = "nodeenv-1.9.1.tar.gz", hash = "sha256:6ec12890a2dab7946721edbfbcd91f3319c6ccc9aec47be7c7e6b7011ee6645f"},
]

[[package]]
name = "pyright"
version = "1.1.345"
description = "Command line wrapper for pyright"
optional = false
python-versions = ">=3.7"
groups = ["dev"]
files = [
    {file = "pyright-1.1.345-py3-none-any.whl", hash = "sha256:00891361baf58698aa660d9374823d65782823ceb4a65515ff5dd159b0d4d2b1"},
    {file = "pyright-1.1.345.tar.gz", hash = "sha256:bb8c80671cdaeb913142b49642a741959f3fcd728c99814631c2bde3a7864938"},
]

[package.dependencies]
nodeenv = ">=1.6.0"

[package.extras]
all = ["twine (>=3.4.1)"]
dev = ["twine (>=3.4.1)"]

[[package]]
name = "raven"
version = "6.10.0"
description = "Raven is a client for Sentry (https://getsentry.com)"
optional = false
python-versions = "*"
groups = ["dev"]
files = [
    {file = "raven-6.10.0-py2.py3-none-any.whl", hash = "sha256:44a13f87670836e153951af9a3c80405d36b43097db869a36e92809673692ce4"},
    {file = "raven-6.10.0.tar.gz", hash = "sha256:3fa6de6efa2493a7c827472e984ce9b020797d0da16f1db67197bcc23c8fae54"},
]

[package.extras]
flask = ["Flask (>=0.8)", "blinker (>=1.1)"]
tests = ["Flask (>=0.8)", "Flask-Login (>=0.2.0)", "ZConfig", "aiohttp", "anyjson", "blinker (>=1.1)", "blinker (>=1.1)", "bottle", "celery (>=2.5)", "coverage (<4)", "exam (>=0.5.2)", "flake8 (==3.5.0)", "logbook", "mock", "nose", "pytest (>=3.2.0,<3.3.0)", "pytest-cov (==2.5.1)", "pytest-flake8 (==1.0.0)", "pytest-pythonpath (==0.7.2)", "pytest-timeout (==1.2.1)", "pytest-xdist (==1.18.2)", "pytz", "requests", "sanic (>=0.7.0)", "tornado (>=4.1,<5.0)", "tox", "webob", "webtest", "wheel"]

[[package]]
name = "ruff"
version = "0.1.13"
description = "An extremely fast Python linter and code formatter, written in Rust."
optional = false
python-versions = ">=3.7"
groups = ["dev"]
files = [
    {file = "ruff-0.1.13-py3-none-macosx_10_12_x86_64.macosx_11_0_arm64.macosx_10_12_universal2.whl", hash = "sha256:e3fd36e0d48aeac672aa850045e784673449ce619afc12823ea7868fcc41d8ba"},
    {file = "ruff-0.1.13-py3-none-macosx_10_12_x86_64.whl", hash = "sha256:9fb6b3b86450d4ec6a6732f9f60c4406061b6851c4b29f944f8c9d91c3611c7a"},
    {file = "ruff-0.1.13-py3-none-manylinux_2_17_aarch64.manylinux2014_aarch64.whl", hash = "sha256:b13ba5d7156daaf3fd08b6b993360a96060500aca7e307d95ecbc5bb47a69296"},
    {file = "ruff-0.1.13-py3-none-manylinux_2_17_armv7l.manylinux2014_armv7l.whl", hash = "sha256:9ebb40442f7b531e136d334ef0851412410061e65d61ca8ce90d894a094feb22"},
    {file = "ruff-0.1.13-py3-none-manylinux_2_17_i686.manylinux2014_i686.whl", hash = "sha256:226b517f42d59a543d6383cfe03cccf0091e3e0ed1b856c6824be03d2a75d3b6"},
    {file = "ruff-0.1.13-py3-none-manylinux_2_17_ppc64.manylinux2014_ppc64.whl", hash = "sha256:5f0312ba1061e9b8c724e9a702d3c8621e3c6e6c2c9bd862550ab2951ac75c16"},
    {file = "ruff-0.1.13-py3-none-manylinux_2_17_ppc64le.manylinux2014_ppc64le.whl", hash = "sha256:2f59bcf5217c661254bd6bc42d65a6fd1a8b80c48763cb5c2293295babd945dd"},
    {file = "ruff-0.1.13-py3-none-manylinux_2_17_s390x.manylinux2014_s390x.whl", hash = "sha256:e6894b00495e00c27b6ba61af1fc666f17de6140345e5ef27dd6e08fb987259d"},
    {file = "ruff-0.1.13-py3-none-manylinux_2_17_x86_64.manylinux2014_x86_64.whl", hash = "sha256:9a1600942485c6e66119da294c6294856b5c86fd6df591ce293e4a4cc8e72989"},
    {file = "ruff-0.1.13-py3-none-musllinux_1_2_aarch64.whl", hash = "sha256:ee3febce7863e231a467f90e681d3d89210b900d49ce88723ce052c8761be8c7"},
    {file = "ruff-0.1.13-py3-none-musllinux_1_2_armv7l.whl", hash = "sha256:dcaab50e278ff497ee4d1fe69b29ca0a9a47cd954bb17963628fa417933c6eb1"},
    {file = "ruff-0.1.13-py3-none-musllinux_1_2_i686.whl", hash = "sha256:f57de973de4edef3ad3044d6a50c02ad9fc2dff0d88587f25f1a48e3f72edf5e"},
    {file = "ruff-0.1.13-py3-none-musllinux_1_2_x86_64.whl", hash = "sha256:7a36fa90eb12208272a858475ec43ac811ac37e91ef868759770b71bdabe27b6"},
    {file = "ruff-0.1.13-py3-none-win32.whl", hash = "sha256:a623349a505ff768dad6bd57087e2461be8db58305ebd5577bd0e98631f9ae69"},
    {file = "ruff-0.1.13-py3-none-win_amd64.whl", hash = "sha256:f988746e3c3982bea7f824c8fa318ce7f538c4dfefec99cd09c8770bd33e6539"},
    {file = "ruff-0.1.13-py3-none-win_arm64.whl", hash = "sha256:6bbbc3042075871ec17f28864808540a26f0f79a4478c357d3e3d2284e832998"},
    {file = "ruff-0.1.13.tar.gz", hash = "sha256:e261f1baed6291f434ffb1d5c6bd8051d1c2a26958072d38dfbec39b3dda7352"},
]

[[package]]
name = "six"
version = "1.17.0"
description = "Python 2 and 3 compatibility utilities"
optional = false
python-versions = "!=3.0.*,!=3.1.*,!=3.2.*,>=2.7"
groups = ["dev"]
files = [
    {file = "six-1.17.0-py2.py3-none-any.whl", hash = "sha256:4721f391ed90541fddacab5acf947aa0d3dc7d27b2e1e8eda2be8970586c3274"},
    {file = "six-1.17.0.tar.gz", hash = "sha256:ff70335d468e7eb6ec65b95b99d3a2836546063f63acc5171de367e834932a81"},
]

[[package]]
name = "spark-parser"
version = "1.9.0"
description = "An Earley-Algorithm Context-free grammar Parser Toolkit"
optional = false
python-versions = "*"
groups = ["dev"]
files = [
    {file = "spark_parser-1.9.0-py2-none-any.whl", hash = "sha256:fb17b1dc56de2d2554ae2c95705b2a5940a04b3a0aa43dcdf2fd609ad3edbf22"},
    {file = "spark_parser-1.9.0-py310-none-any.whl", hash = "sha256:a1ab71c2df145b21c2c1c8aa5f001e36206bec259ec836504263ab7450881ad1"},
    {file = "spark_parser-1.9.0-py311-none-any.whl", hash = "sha256:30ab1a6005a783ca39f73ad477efb1e12a1cb0123607543e71690d9fd6fecf49"},
    {file = "spark_parser-1.9.0-py312-none-any.whl", hash = "sha256:036b8227c5b09a919a7eae50576f91d533124de1dbf9a9c654a2be5864f1c947"},
    {file = "spark_parser-1.9.0-py313-none-any.whl", hash = "sha256:fc2e188601a6c8f7a68e2d7bd97ca377f6dc271a67607ff11e6beef39d0e9d1d"},
    {file = "spark_parser-1.9.0.tar.gz", hash = "sha256:dc66d48c4265c4133db41a9c5fe9c1c502b3b20167df158a0f234cd31712cf64"},
]

[package.dependencies]
click = "*"

[package.extras]
dev = ["pre-commit", "pytest"]

[[package]]
name = "xdis"
version = "6.1.5"
description = "Python cross-version byte-code library and disassembler"
optional = false
python-versions = "*"
groups = ["dev"]
files = [
    {file = "xdis-6.1.5-py311-none-any.whl", hash = "sha256:ed18274c42d522b6cd100de262b45417a095b4b3eecedcc5020dbffe03f3816e"},
    {file = "xdis-6.1.5-py313-none-any.whl", hash = "sha256:f4e5639045480b148601909de5e009637ff6f6a9a97ecc3f215dfc620f08e024"},
    {file = "xdis-6.1.5.tar.gz", hash = "sha256:4c62219376e671f03db4747e1249e2a7fde10dc4edffbcb19730fd94b63feeb3"},
]

[package.dependencies]
click = "*"
six = ">=1.10.0"

[package.extras]
dev = ["pre-commit", "pytest", "tox"]

[metadata]
lock-version = "2.1"
python-versions = ">=3.12"
content-hash = "9b893708c3eb09c2aea4903a5e7cadb52add819cc5c1e99a969d317af9a1a3b3"
